
Microsoft Visual Studio Solution File, Format Version 12.00
# Visual Studio Version 16
VisualStudioVersion = 16.0.29509.3
MinimumVisualStudioVersion = 10.0.40219.1
Project("{9A19103F-16F7-4668-BE54-9A1E7A4F7556}") = "Models", "src\Models\Models.csproj", "{CC0D7939-BC2E-4F49-B066-48B3787BC6B5}"
EndProject
Project("{9A19103F-16F7-4668-BE54-9A1E7A4F7556}") = "UnitTests", "src\UnitTests\UnitTests.csproj", "{79EA62C3-9C3C-4507-83F4-53B34D3298A9}"
EndProject
Project("{9A19103F-16F7-4668-BE54-9A1E7A4F7556}") = "DomainServices", "src\DomainServices\DomainServices.csproj", "{D39B526D-66B4-4211-AC58-74496F7DF228}"
EndProject
Project("{9A19103F-16F7-4668-BE54-9A1E7A4F7556}") = "Web", "src\Web\Web.csproj", "{CDD777FD-E7EC-46D9-85CA-4C75027DB2D8}"
EndProject
Global
	GlobalSection(SolutionConfigurationPlatforms) = preSolution
		Debug|Any CPU = Debug|Any CPU
		Release|Any CPU = Release|Any CPU
	EndGlobalSection
	GlobalSection(ProjectConfigurationPlatforms) = postSolution
		{CC0D7939-BC2E-4F49-B066-48B3787BC6B5}.Debug|Any CPU.ActiveCfg = Debug|Any CPU
		{CC0D7939-BC2E-4F49-B066-48B3787BC6B5}.Debug|Any CPU.Build.0 = Debug|Any CPU
		{CC0D7939-BC2E-4F49-B066-48B3787BC6B5}.Release|Any CPU.ActiveCfg = Release|Any CPU
		{CC0D7939-BC2E-4F49-B066-48B3787BC6B5}.Release|Any CPU.Build.0 = Release|Any CPU
		{79EA62C3-9C3C-4507-83F4-53B34D3298A9}.Debug|Any CPU.ActiveCfg = Debug|Any CPU
		{79EA62C3-9C3C-4507-83F4-53B34D3298A9}.Debug|Any CPU.Build.0 = Debug|Any CPU
		{79EA62C3-9C3C-4507-83F4-53B34D3298A9}.Release|Any CPU.ActiveCfg = Release|Any CPU
		{79EA62C3-9C3C-4507-83F4-53B34D3298A9}.Release|Any CPU.Build.0 = Release|Any CPU
		{D39B526D-66B4-4211-AC58-74496F7DF228}.Debug|Any CPU.ActiveCfg = Debug|Any CPU
		{D39B526D-66B4-4211-AC58-74496F7DF228}.Debug|Any CPU.Build.0 = Debug|Any CPU
		{D39B526D-66B4-4211-AC58-74496F7DF228}.Release|Any CPU.ActiveCfg = Release|Any CPU
		{D39B526D-66B4-4211-AC58-74496F7DF228}.Release|Any CPU.Build.0 = Release|Any CPU
		{CDD777FD-E7EC-46D9-85CA-4C75027DB2D8}.Debug|Any CPU.ActiveCfg = Debug|Any CPU
		{CDD777FD-E7EC-46D9-85CA-4C75027DB2D8}.Debug|Any CPU.Build.0 = Debug|Any CPU
		{CDD777FD-E7EC-46D9-85CA-4C75027DB2D8}.Release|Any CPU.ActiveCfg = Release|Any CPU
		{CDD777FD-E7EC-46D9-85CA-4C75027DB2D8}.Release|Any CPU.Build.0 = Release|Any CPU
	EndGlobalSection
	GlobalSection(SolutionProperties) = preSolution
		HideSolutionNode = FALSE
	EndGlobalSection
	GlobalSection(ExtensibilityGlobals) = postSolution
		SolutionGuid = {CFE48501-E5F5-4C50-9B03-AF9924D14864}
	EndGlobalSection
EndGlobal
